dependencies:
- name: postgresql
  repository: oci://registry-1.docker.io/bitnamicharts
  version: 15.5.11
- name: mysql
  repository: oci://registry-1.docker.io/bitnamicharts
  version: 11.1.2
digest: sha256:0859cd9c7f2e9c8539b4721e5a58e38df8dcbf5bef37fcfb17852f0bf40dbbab
generated: "2024-06-29T06:24:00.572852495Z"
